// !$*UTF8*$!
{
	archiveVersion = 1;
	classes = {
	};
	objectVersion = 77;
	objects = {

/* Begin PBXContainerItemProxy section */
		CD95C4942E1D569F008F3D71 /* PBXContainerItemProxy */ = {
			isa = PBXContainerItemProxy;
			containerPortal = CD95C47E2E1D569F008F3D71 /* Project object */;
			proxyType = 1;
			remoteGlobalIDString = CD95C4852E1D569F008F3D71;
			remoteInfo = PokerCalculatoriOS;
		};
		CD95C49E2E1D569F008F3D71 /* PBXContainerItemProxy */ = {
			isa = PBXContainerItemProxy;
			containerPortal = CD95C47E2E1D569F008F3D71 /* Project object */;
			proxyType = 1;
			remoteGlobalIDString = CD95C4852E1D569F008F3D71;
			remoteInfo = PokerCalculatoriOS;
		};
/* End PBXContainerItemProxy section */

/* Begin PBXFileReference section */
		CD95C4862E1D569F008F3D71 /* Poker Calculator.app */ = {isa = PBXFileReference; explicitFileType = wrapper.application; includeInIndex = 0; path = "Poker Calculator.app"; sourceTree = BUILT_PRODUCTS_DIR; };
		CD95C4932E1D569F008F3D71 /* PokerCalculatoriOSTests.xctest */ = {isa = PBXFileReference; explicitFileType = wrapper.cfbundle; includeInIndex = 0; path = PokerCalculatoriOSTests.xctest; sourceTree = BUILT_PRODUCTS_DIR; };
		CD95C49D2E1D569F008F3D71 /* PokerCalculatoriOSUITests.xctest */ = {isa = PBXFileReference; explicitFileType = wrapper.cfbundle; includeInIndex = 0; path = PokerCalculatoriOSUITests.xctest; sourceTree = BUILT_PRODUCTS_DIR; };
/* End PBXFileReference section */

/* Begin PBXFileSystemSynchronizedRootGroup section */
		CD95C4882E1D569F008F3D71 /* PokerCalculatoriOS */ = {
			isa = PBXFileSystemSynchronizedRootGroup;
			path = PokerCalculatoriOS;
			sourceTree = "<group>";
		};
		CD95C4962E1D569F008F3D71 /* PokerCalculatoriOSTests */ = {
			isa = PBXFileSystemSynchronizedRootGroup;
			path = PokerCalculatoriOSTests;
			sourceTree = "<group>";
		};
		CD95C4A02E1D569F008F3D71 /* PokerCalculatoriOSUITests */ = {
			isa = PBXFileSystemSynchronizedRootGroup;
			path = PokerCalculatoriOSUITests;
			sourceTree = "<group>";
		};
/* End PBXFileSystemSynchronizedRootGroup section */

/* Begin PBXFrameworksBuildPhase section */
		CD95C4832E1D569F008F3D71 /* Frameworks */ = {
			isa = PBXFrameworksBuildPhase;
			buildActionMask = 2147483647;
			files = (
			);
			runOnlyForDeploymentPostprocessing = 0;
		};
		CD95C4902E1D569F008F3D71 /* Frameworks */ = {
			isa = PBXFrameworksBuildPhase;
			buildActionMask = 2147483647;
			files = (
			);
			runOnlyForDeploymentPostprocessing = 0;
		};
		CD95C49A2E1D569F008F3D71 /* Frameworks */ = {
			isa = PBXFrameworksBuildPhase;
			buildActionMask = 2147483647;
			files = (
			);
			runOnlyForDeploymentPostprocessing = 0;
		};
/* End PBXFrameworksBuildPhase section */

/* Begin PBXGroup section */
		CD95C47D2E1D569F008F3D71 = {
			isa = PBXGroup;
			children = (
				CD95C4882E1D569F008F3D71 /* PokerCalculatoriOS */,
				CD95C4962E1D569F008F3D71 /* PokerCalculatoriOSTests */,
				CD95C4A02E1D569F008F3D71 /* PokerCalculatoriOSUITests */,
				CD95C4872E1D569F008F3D71 /* Products */,
			);
			sourceTree = "<group>";
		};
		CD95C4872E1D569F008F3D71 /* Products */ = {
			isa = PBXGroup;
			children = (
				CD95C4862E1D569F008F3D71 /* Poker Calculator.app */,
				CD95C4932E1D569F008F3D71 /* PokerCalculatoriOSTests.xctest */,
				CD95C49D2E1D569F008F3D71 /* PokerCalculatoriOSUITests.xctest */,
			);
			name = Products;
			sourceTree = "<group>";
		};
/* End PBXGroup section */

/* Begin PBXNativeTarget section */
		CD95C4852E1D569F008F3D71 /* PokerCalculatoriOS */ = {
			isa = PBXNativeTarget;
			buildConfigurationList = CD95C4A72E1D569F008F3D71 /* Build configuration list for PBXNativeTarget "PokerCalculatoriOS" */;
			buildPhases = (
				CD95C4822E1D569F008F3D71 /* Sources */,
				CD95C4832E1D569F008F3D71 /* Frameworks */,
				CD95C4842E1D569F008F3D71 /* Resources */,
			);
			buildRules = (
			);
			dependencies = (
			);
			fileSystemSynchronizedGroups = (
				CD95C4882E1D569F008F3D71 /* PokerCalculatoriOS */,
			);
			name = PokerCalculatoriOS;
			packageProductDependencies = (
			);
			productName = PokerCalculatoriOS;
			productReference = CD95C4862E1D569F008F3D71 /* Poker Calculator.app */;
			productType = "com.apple.product-type.application";
		};
		CD95C4922E1D569F008F3D71 /* PokerCalculatoriOSTests */ = {
			isa = PBXNativeTarget;
			buildConfigurationList = CD95C4AA2E1D569F008F3D71 /* Build configuration list for PBXNativeTarget "PokerCalculatoriOSTests" */;
			buildPhases = (
				CD95C48F2E1D569F008F3D71 /* Sources */,
				CD95C4902E1D569F008F3D71 /* Frameworks */,
				CD95C4912E1D569F008F3D71 /* Resources */,
			);
			buildRules = (
			);
			dependencies = (
				CD95C4952E1D569F008F3D71 /* PBXTargetDependency */,
			);
			fileSystemSynchronizedGroups = (
				CD95C4962E1D569F008F3D71 /* PokerCalculatoriOSTests */,
			);
			name = PokerCalculatoriOSTests;
			packageProductDependencies = (
			);
			productName = PokerCalculatoriOSTests;
			productReference = CD95C4932E1D569F008F3D71 /* PokerCalculatoriOSTests.xctest */;
			productType = "com.apple.product-type.bundle.unit-test";
		};
		CD95C49C2E1D569F008F3D71 /* PokerCalculatoriOSUITests */ = {
			isa = PBXNativeTarget;
			buildConfigurationList = CD95C4AD2E1D569F008F3D71 /* Build configuration list for PBXNativeTarget "PokerCalculatoriOSUITests" */;
			buildPhases = (
				CD95C4992E1D569F008F3D71 /* Sources */,
				CD95C49A2E1D569F008F3D71 /* Frameworks */,
				CD95C49B2E1D569F008F3D71 /* Resources */,
			);
			buildRules = (
			);
			dependencies = (
				CD95C49F2E1D569F008F3D71 /* PBXTargetDependency */,
			);
			fileSystemSynchronizedGroups = (
				CD95C4A02E1D569F008F3D71 /* PokerCalculatoriOSUITests */,
			);
			name = PokerCalculatoriOSUITests;
			packageProductDependencies = (
			);
			productName = PokerCalculatoriOSUITests;
			productReference = CD95C49D2E1D569F008F3D71 /* PokerCalculatoriOSUITests.xctest */;
			productType = "com.apple.product-type.bundle.ui-testing";
		};
/* End PBXNativeTarget section */

/* Begin PBXProject section */
		CD95C47E2E1D569F008F3D71 /* Project object */ = {
			isa = PBXProject;
			attributes = {
				BuildIndependentTargetsInParallel = 1;
				LastSwiftUpdateCheck = 1640;
				LastUpgradeCheck = 1640;
				TargetAttributes = {
					CD95C4852E1D569F008F3D71 = {
						CreatedOnToolsVersion = 16.4;
					};
					CD95C4922E1D569F008F3D71 = {
						CreatedOnToolsVersion = 16.4;
						TestTargetID = CD95C4852E1D569F008F3D71;
					};
					CD95C49C2E1D569F008F3D71 = {
						CreatedOnToolsVersion = 16.4;
						TestTargetID = CD95C4852E1D569F008F3D71;
					};
				};
			};
			buildConfigurationList = CD95C4812E1D569F008F3D71 /* Build configuration list for PBXProject "PokerCalculatoriOS" */;
			developmentRegion = en;
			hasScannedForEncodings = 0;
			knownRegions = (
				en,
				Base,
			);
			mainGroup = CD95C47D2E1D569F008F3D71;
			minimizedProjectReferenceProxies = 1;
			preferredProjectObjectVersion = 77;
			productRefGroup = CD95C4872E1D569F008F3D71 /* Products */;
			projectDirPath = "";
			projectRoot = "";
			targets = (
				CD95C4852E1D569F008F3D71 /* PokerCalculatoriOS */,
				CD95C4922E1D569F008F3D71 /* PokerCalculatoriOSTests */,
				CD95C49C2E1D569F008F3D71 /* PokerCalculatoriOSUITests */,
			);
		};
/* End PBXProject section */

/* Begin PBXResourcesBuildPhase section */
		CD95C4842E1D569F008F3D71 /* Resources */ = {
			isa = PBXResourcesBuildPhase;
			buildActionMask = 2147483647;
			files = (
			);
			runOnlyForDeploymentPostprocessing = 0;
		};
		CD95C4912E1D569F008F3D71 /* Resources */ = {
			isa = PBXResourcesBuildPhase;
			buildActionMask = 2147483647;
			files = (
			);
			runOnlyForDeploymentPostprocessing = 0;
		};
		CD95C49B2E1D569F008F3D71 /* Resources */ = {
			isa = PBXResourcesBuildPhase;
			buildActionMask = 2147483647;
			files = (
			);
			runOnlyForDeploymentPostprocessing = 0;
		};
/* End PBXResourcesBuildPhase section */

/* Begin PBXSourcesBuildPhase section */
		CD95C4822E1D569F008F3D71 /* Sources */ = {
			isa = PBXSourcesBuildPhase;
			buildActionMask = 2147483647;
			files = (
			);
			runOnlyForDeploymentPostprocessing = 0;
		};
		CD95C48F2E1D569F008F3D71 /* Sources */ = {
			isa = PBXSourcesBuildPhase;
			buildActionMask = 2147483647;
			files = (
			);
			runOnlyForDeploymentPostprocessing = 0;
		};
		CD95C4992E1D569F008F3D71 /* Sources */ = {
			isa = PBXSourcesBuildPhase;
			buildActionMask = 2147483647;
			files = (
			);
			runOnlyForDeploymentPostprocessing = 0;
		};
/* End PBXSourcesBuildPhase section */

/* Begin PBXTargetDependency section */
		CD95C4952E1D569F008F3D71 /* PBXTargetDependency */ = {
			isa = PBXTargetDependency;
			target = CD95C4852E1D569F008F3D71 /* PokerCalculatoriOS */;
			targetProxy = CD95C4942E1D569F008F3D71 /* PBXContainerItemProxy */;
		};
		CD95C49F2E1D569F008F3D71 /* PBXTargetDependency */ = {
			isa = PBXTargetDependency;
			target = CD95C4852E1D569F008F3D71 /* PokerCalculatoriOS */;
			targetProxy = CD95C49E2E1D569F008F3D71 /* PBXContainerItemProxy */;
		};
/* End PBXTargetDependency section */

/* Begin XCBuildConfiguration section */
		CD95C4A52E1D569F008F3D71 /* Debug */ = {
			isa = XCBuildConfiguration;
			buildSettings = {
				ALWAYS_SEARCH_USER_PATHS = NO;
				ASSETCATALOG_COMPILER_GENERATE_SWIFT_ASSET_SYMBOL_EXTENSIONS = YES;
				CLANG_ANALYZER_NONNULL = YES;
				CLANG_ANALYZER_NUMBER_OBJECT_CONVERSION = YES_AGGRESSIVE;
				CLANG_CXX_LANGUAGE_STANDARD = "gnu++20";
				CLANG_ENABLE_MODULES = YES;
				CLANG_ENABLE_OBJC_ARC = YES;
				CLANG_ENABLE_OBJC_WEAK = YES;
				CLANG_WARN_BLOCK_CAPTURE_AUTORELEASING = YES;
				CLANG_WARN_BOOL_CONVERSION = YES;
				CLANG_WARN_COMMA = YES;
				CLANG_WARN_CONSTANT_CONVERSION = YES;
				CLANG_WARN_DEPRECATED_OBJC_IMPLEMENTATIONS = YES;
				CLANG_WARN_DIRECT_OBJC_ISA_USAGE = YES_ERROR;
				CLANG_WARN_DOCUMENTATION_COMMENTS = YES;
				CLANG_WARN_EMPTY_BODY = YES;
				CLANG_WARN_ENUM_CONVERSION = YES;
				CLANG_WARN_INFINITE_RECURSION = YES;
				CLANG_WARN_INT_CONVERSION = YES;
				CLANG_WARN_NON_LITERAL_NULL_CONVERSION = YES;
				CLANG_WARN_OBJC_IMPLICIT_RETAIN_SELF = YES;
				CLANG_WARN_OBJC_LITERAL_CONVERSION = YES;
				CLANG_WARN_OBJC_ROOT_CLASS = YES_ERROR;
				CLANG_WARN_QUOTED_INCLUDE_IN_FRAMEWORK_HEADER = YES;
				CLANG_WARN_RANGE_LOOP_ANALYSIS = YES;
				CLANG_WARN_STRICT_PROTOTYPES = YES;
				CLANG_WARN_SUSPICIOUS_MOVE = YES;
				CLANG_WARN_UNGUARDED_AVAILABILITY = YES_AGGRESSIVE;
				CLANG_WARN_UNREACHABLE_CODE = YES;
				CLANG_WARN__DUPLICATE_METHOD_MATCH = YES;
				COPY_PHASE_STRIP = NO;
				DEBUG_INFORMATION_FORMAT = dwarf;
				ENABLE_STRICT_OBJC_MSGSEND = YES;
				ENABLE_TESTABILITY = YES;
				ENABLE_USER_SCRIPT_SANDBOXING = YES;
				GCC_C_LANGUAGE_STANDARD = gnu17;
				GCC_DYNAMIC_NO_PIC = NO;
				GCC_NO_COMMON_BLOCKS = YES;
				GCC_OPTIMIZATION_LEVEL = 0;
				GCC_PREPROCESSOR_DEFINITIONS = (
					"DEBUG=1",
					"$(inherited)",
				);
				GCC_WARN_64_TO_32_BIT_CONVERSION = YES;
				GCC_WARN_ABOUT_RETURN_TYPE = YES_ERROR;
				GCC_WARN_UNDECLARED_SELECTOR = YES;
				GCC_WARN_UNINITIALIZED_AUTOS = YES_AGGRESSIVE;
				GCC_WARN_UNUSED_FUNCTION = YES;
				GCC_WARN_UNUSED_VARIABLE = YES;
				IPHONEOS_DEPLOYMENT_TARGET = 18.5;
				LOCALIZATION_PREFERS_STRING_CATALOGS = YES;
				MTL_ENABLE_DEBUG_INFO = INCLUDE_SOURCE;
				MTL_FAST_MATH = YES;
				ONLY_ACTIVE_ARCH = YES;
				SDKROOT = iphoneos;
				SWIFT_ACTIVE_COMPILATION_CONDITIONS = "DEBUG $(inherited)";
				SWIFT_OPTIMIZATION_LEVEL = "-Onone";
			};
			name = Debug;
		};
		CD95C4A62E1D569F008F3D71 /* Release */ = {
			isa = XCBuildConfiguration;
			buildSettings = {
				ALWAYS_SEARCH_USER_PATHS = NO;
				ASSETCATALOG_COMPILER_GENERATE_SWIFT_ASSET_SYMBOL_EXTENSIONS = YES;
				CLANG_ANALYZER_NONNULL = YES;
				CLANG_ANALYZER_NUMBER_OBJECT_CONVERSION = YES_AGGRESSIVE;
				CLANG_CXX_LANGUAGE_STANDARD = "gnu++20";
				CLANG_ENABLE_MODULES = YES;
				CLANG_ENABLE_OBJC_ARC = YES;
				CLANG_ENABLE_OBJC_WEAK = YES;
				CLANG_WARN_BLOCK_CAPTURE_AUTORELEASING = YES;
				CLANG_WARN_BOOL_CONVERSION = YES;
				CLANG_WARN_COMMA = YES;
				CLANG_WARN_CONSTANT_CONVERSION = YES;
				CLANG_WARN_DEPRECATED_OBJC_IMPLEMENTATIONS = YES;
				CLANG_WARN_DIRECT_OBJC_ISA_USAGE = YES_ERROR;
				CLANG_WARN_DOCUMENTATION_COMMENTS = YES;
				CLANG_WARN_EMPTY_BODY = YES;
				CLANG_WARN_ENUM_CONVERSION = YES;
				CLANG_WARN_INFINITE_RECURSION = YES;
				CLANG_WARN_INT_CONVERSION = YES;
				CLANG_WARN_NON_LITERAL_NULL_CONVERSION = YES;
				CLANG_WARN_OBJC_IMPLICIT_RETAIN_SELF = YES;
				CLANG_WARN_OBJC_LITERAL_CONVERSION = YES;
				CLANG_WARN_OBJC_ROOT_CLASS = YES_ERROR;
				CLANG_WARN_QUOTED_INCLUDE_IN_FRAMEWORK_HEADER = YES;
				CLANG_WARN_RANGE_LOOP_ANALYSIS = YES;
				CLANG_WARN_STRICT_PROTOTYPES = YES;
				CLANG_WARN_SUSPICIOUS_MOVE = YES;
				CLANG_WARN_UNGUARDED_AVAILABILITY = YES_AGGRESSIVE;
				CLANG_WARN_UNREACHABLE_CODE = YES;
				CLANG_WARN__DUPLICATE_METHOD_MATCH = YES;
				COPY_PHASE_STRIP = NO;
				DEBUG_INFORMATION_FORMAT = "dwarf-with-dsym";
				ENABLE_NS_ASSERTIONS = NO;
				ENABLE_STRICT_OBJC_MSGSEND = YES;
				ENABLE_USER_SCRIPT_SANDBOXING = YES;
				GCC_C_LANGUAGE_STANDARD = gnu17;
				GCC_NO_COMMON_BLOCKS = YES;
				GCC_WARN_64_TO_32_BIT_CONVERSION = YES;
				GCC_WARN_ABOUT_RETURN_TYPE = YES_ERROR;
				GCC_WARN_UNDECLARED_SELECTOR = YES;
				GCC_WARN_UNINITIALIZED_AUTOS = YES_AGGRESSIVE;
				GCC_WARN_UNUSED_FUNCTION = YES;
				GCC_WARN_UNUSED_VARIABLE = YES;
				IPHONEOS_DEPLOYMENT_TARGET = 18.5;
				LOCALIZATION_PREFERS_STRING_CATALOGS = YES;
				MTL_ENABLE_DEBUG_INFO = NO;
				MTL_FAST_MATH = YES;
				SDKROOT = iphoneos;
				SWIFT_COMPILATION_MODE = wholemodule;
				VALIDATE_PRODUCT = YES;
			};
			name = Release;
		};
		CD95C4A82E1D569F008F3D71 /* Debug */ = {
			isa = XCBuildConfiguration;
			buildSettings = {
				ASSETCATALOG_COMPILER_APPICON_NAME = AppIcon;
				ASSETCATALOG_COMPILER_GLOBAL_ACCENT_COLOR_NAME = AccentColor;
				CODE_SIGN_STYLE = Automatic;
				CURRENT_PROJECT_VERSION = 1;
				DEVELOPMENT_TEAM = JHUWB5L427;
				ENABLE_PREVIEWS = YES;
				GENERATE_INFOPLIST_FILE = YES;
				INFOPLIST_KEY_CFBundleDisplayName = "Poker Calculator";
				INFOPLIST_KEY_UIApplicationSceneManifest_Generation = YES;
				INFOPLIST_KEY_UIApplicationSupportsIndirectInputEvents = YES;
				INFOPLIST_KEY_UILaunchScreen_Generation = YES;
				INFOPLIST_KEY_UISupportedInterfaceOrientations = UIInterfaceOrientationPortrait;
				IPHONEOS_DEPLOYMENT_TARGET = 18.1;
				LD_RUNPATH_SEARCH_PATHS = (
					"$(inherited)",
					"@executable_path/Frameworks",
				);
				MARKETING_VERSION = 1.0;
				PRODUCT_BUNDLE_IDENTIFIER = PejperO.PokerCalculatoriOS;
				PRODUCT_NAME = "Poker Calculator";
				SUPPORTED_PLATFORMS = "iphoneos iphonesimulator";
				SUPPORTS_MACCATALYST = NO;
				SUPPORTS_XR_DESIGNED_FOR_IPHONE_IPAD = NO;
				SWIFT_EMIT_LOC_STRINGS = YES;
				SWIFT_VERSION = 5.0;
				TARGETED_DEVICE_FAMILY = "1,2";
			};
			name = Debug;
		};
		CD95C4A92E1D569F008F3D71 /* Release */ = {
			isa = XCBuildConfiguration;
			buildSettings = {
				ASSETCATALOG_COMPILER_APPICON_NAME = AppIcon;
				ASSETCATALOG_COMPILER_GLOBAL_ACCENT_COLOR_NAME = AccentColor;
				CODE_SIGN_STYLE = Automatic;
				CURRENT_PROJECT_VERSION = 1;
				DEVELOPMENT_TEAM = JHUWB5L427;
				ENABLE_PREVIEWS = YES;
				GENERATE_INFOPLIST_FILE = YES;
				INFOPLIST_KEY_CFBundleDisplayName = "Poker Calculator";
				INFOPLIST_KEY_UIApplicationSceneManifest_Generation = YES;
				INFOPLIST_KEY_UIApplicationSupportsIndirectInputEvents = YES;
				INFOPLIST_KEY_UILaunchScreen_Generation = YES;
				INFOPLIST_KEY_UISupportedInterfaceOrientations = UIInterfaceOrientationPortrait;
				IPHONEOS_DEPLOYMENT_TARGET = 18.1;
				LD_RUNPATH_SEARCH_PATHS = (
					"$(inherited)",
					"@executable_path/Frameworks",
				);
				MARKETING_VERSION = 1.0;
				PRODUCT_BUNDLE_IDENTIFIER = PejperO.PokerCalculatoriOS;
				PRODUCT_NAME = "Poker Calculator";
				SUPPORTED_PLATFORMS = "iphoneos iphonesimulator";
				SUPPORTS_MACCATALYST = NO;
				SUPPORTS_XR_DESIGNED_FOR_IPHONE_IPAD = NO;
				SWIFT_EMIT_LOC_STRINGS = YES;
				SWIFT_VERSION = 5.0;
				TARGETED_DEVICE_FAMILY = "1,2";
			};
			name = Release;
		};
		CD95C4AB2E1D569F008F3D71 /* Debug */ = {
			isa = XCBuildConfiguration;
			buildSettings = {
				BUNDLE_LOADER = "$(TEST_HOST)";
				CODE_SIGN_STYLE = Automatic;
				CURRENT_PROJECT_VERSION = 1;
				GENERATE_INFOPLIST_FILE = YES;
				IPHONEOS_DEPLOYMENT_TARGET = 18.5;
				MARKETING_VERSION = 1.0;
				PRODUCT_BUNDLE_IDENTIFIER = PejperO.PokerCalculatoriOSTests;
				PRODUCT_NAME = "$(TARGET_NAME)";
				SWIFT_EMIT_LOC_STRINGS = NO;
				SWIFT_VERSION = 5.0;
				TARGETED_DEVICE_FAMILY = "1,2";
				TEST_HOST = "$(BUILT_PRODUCTS_DIR)/PokerCalculatoriOS.app/$(BUNDLE_EXECUTABLE_FOLDER_PATH)/PokerCalculatoriOS";
			};
			name = Debug;
		};
		CD95C4AC2E1D569F008F3D71 /* Release */ = {
			isa = XCBuildConfiguration;
			buildSettings = {
				BUNDLE_LOADER = "$(TEST_HOST)";
				CODE_SIGN_STYLE = Automatic;
				CURRENT_PROJECT_VERSION = 1;
				GENERATE_INFOPLIST_FILE = YES;
				IPHONEOS_DEPLOYMENT_TARGET = 18.5;
				MARKETING_VERSION = 1.0;
				PRODUCT_BUNDLE_IDENTIFIER = PejperO.PokerCalculatoriOSTests;
				PRODUCT_NAME = "$(TARGET_NAME)";
				SWIFT_EMIT_LOC_STRINGS = NO;
				SWIFT_VERSION = 5.0;
				TARGETED_DEVICE_FAMILY = "1,2";
				TEST_HOST = "$(BUILT_PRODUCTS_DIR)/PokerCalculatoriOS.app/$(BUNDLE_EXECUTABLE_FOLDER_PATH)/PokerCalculatoriOS";
			};
			name = Release;
		};
		CD95C4AE2E1D569F008F3D71 /* Debug */ = {
			isa = XCBuildConfiguration;
			buildSettings = {
				CODE_SIGN_STYLE = Automatic;
				CURRENT_PROJECT_VERSION = 1;
				GENERATE_INFOPLIST_FILE = YES;
				MARKETING_VERSION = 1.0;
				PRODUCT_BUNDLE_IDENTIFIER = PejperO.PokerCalculatoriOSUITests;
				PRODUCT_NAME = "$(TARGET_NAME)";
				SWIFT_EMIT_LOC_STRINGS = NO;
				SWIFT_VERSION = 5.0;
				TARGETED_DEVICE_FAMILY = "1,2";
				TEST_TARGET_NAME = PokerCalculatoriOS;
			};
			name = Debug;
		};
		CD95C4AF2E1D569F008F3D71 /* Release */ = {
			isa = XCBuildConfiguration;
			buildSettings = {
				CODE_SIGN_STYLE = Automatic;
				CURRENT_PROJECT_VERSION = 1;
				GENERATE_INFOPLIST_FILE = YES;
				MARKETING_VERSION = 1.0;
				PRODUCT_BUNDLE_IDENTIFIER = PejperO.PokerCalculatoriOSUITests;
				PRODUCT_NAME = "$(TARGET_NAME)";
				SWIFT_EMIT_LOC_STRINGS = NO;
				SWIFT_VERSION = 5.0;
				TARGETED_DEVICE_FAMILY = "1,2";
				TEST_TARGET_NAME = PokerCalculatoriOS;
			};
			name = Release;
		};
/* End XCBuildConfiguration section */

/* Begin XCConfigurationList section */
		CD95C4812E1D569F008F3D71 /* Build configuration list for PBXProject "PokerCalculatoriOS" */ = {
			isa = XCConfigurationList;
			buildConfigurations = (
				CD95C4A52E1D569F008F3D71 /* Debug */,
				CD95C4A62E1D569F008F3D71 /* Release */,
			);
			defaultConfigurationIsVisible = 0;
			defaultConfigurationName = Release;
		};
		CD95C4A72E1D569F008F3D71 /* Build configuration list for PBXNativeTarget "PokerCalculatoriOS" */ = {
			isa = XCConfigurationList;
			buildConfigurations = (
				CD95C4A82E1D569F008F3D71 /* Debug */,
				CD95C4A92E1D569F008F3D71 /* Release */,
			);
			defaultConfigurationIsVisible = 0;
			defaultConfigurationName = Release;
		};
		CD95C4AA2E1D569F008F3D71 /* Build configuration list for PBXNativeTarget "PokerCalculatoriOSTests" */ = {
			isa = XCConfigurationList;
			buildConfigurations = (
				CD95C4AB2E1D569F008F3D71 /* Debug */,
				CD95C4AC2E1D569F008F3D71 /* Release */,
			);
			defaultConfigurationIsVisible = 0;
			defaultConfigurationName = Release;
		};
		CD95C4AD2E1D569F008F3D71 /* Build configuration list for PBXNativeTarget "PokerCalculatoriOSUITests" */ = {
			isa = XCConfigurationList;
			buildConfigurations = (
				CD95C4AE2E1D569F008F3D71 /* Debug */,
				CD95C4AF2E1D569F008F3D71 /* Release */,
			);
			defaultConfigurationIsVisible = 0;
			defaultConfigurationName = Release;
		};
/* End XCConfigurationList section */
	};
	rootObject = CD95C47E2E1D569F008F3D71 /* Project object */;
}
